Microsoft Visual Studio Solution File, Format Version 12.00
# Visual Studio Version 17
VisualStudioVersion = 17.13.35825.156
MinimumVisualStudioVersion = 10.0.40219.1
Project("{FAE04EC0-301F-11D3-BF4B-00C04F79EFBC}") = "ControlBelleza.Frontend", "ControlBelleza.Frontend\ControlBelleza.Frontend.csproj", "{9384608E-245C-4D3E-B519-0507DBF8E406}"
EndProject
Project("{FAE04EC0-301F-11D3-BF4B-00C04F79EFBC}") = "ControlBelleza.APi", "ControlBelleza.APi\ControlBelleza.APi.csproj", "{EACE4769-CCFC-4DA5-8995-99158BAE0122}"
EndProject
Project("{FAE04EC0-301F-11D3-BF4B-00C04F79EFBC}") = "ControlBelleza.Persitence", "ControlBelleza.Persitence\ControlBelleza.Persitence.csproj", "{E1FE4D39-1BA3-42E8-9CEF-F3BCB302F32A}"
EndProject
Project("{FAE04EC0-301F-11D3-BF4B-00C04F79EFBC}") = "ControlBelleza.Domain", "ControlBelleza.Domain\ControlBelleza.Domain.csproj", "{09D29DB2-EE17-4366-BBA4-DC92F32A71BD}"
EndProject
Project("{FAE04EC0-301F-11D3-BF4B-00C04F79EFBC}") = "ControlBelleza.Aplication", "ControlBelleza.Aplication\ControlBelleza.Aplication.csproj", "{A48C36F7-ADF8-4FC1-9201-B8D42956B029}"
EndProject
Project("{2150E333-8FDC-42A3-9474-1A3956D46DE8}") = "Presentation", "Presentation", "{02EA681E-C7D8-13C7-8484-4AC65E1B71E8}"
EndProject
Global
	GlobalSection(SolutionConfigurationPlatforms) = preSolution
		Debug|Any CPU = Debug|Any CPU
		Release|Any CPU = Release|Any CPU
	EndGlobalSection
	GlobalSection(ProjectConfigurationPlatforms) = postSolution
		{9384608E-245C-4D3E-B519-0507DBF8E406}.Debug|Any CPU.ActiveCfg = Debug|Any CPU
		{9384608E-245C-4D3E-B519-0507DBF8E406}.Debug|Any CPU.Build.0 = Debug|Any CPU
		{9384608E-245C-4D3E-B519-0507DBF8E406}.Release|Any CPU.ActiveCfg = Release|Any CPU
		{9384608E-245C-4D3E-B519-0507DBF8E406}.Release|Any CPU.Build.0 = Release|Any CPU
		{EACE4769-CCFC-4DA5-8995-99158BAE0122}.Debug|Any CPU.ActiveCfg = Debug|Any CPU
		{EACE4769-CCFC-4DA5-8995-99158BAE0122}.Debug|Any CPU.Build.0 = Debug|Any CPU
		{EACE4769-CCFC-4DA5-8995-99158BAE0122}.Release|Any CPU.ActiveCfg = Release|Any CPU
		{EACE4769-CCFC-4DA5-8995-99158BAE0122}.Release|Any CPU.Build.0 = Release|Any CPU
		{E1FE4D39-1BA3-42E8-9CEF-F3BCB302F32A}.Debug|Any CPU.ActiveCfg = Debug|Any CPU
		{E1FE4D39-1BA3-42E8-9CEF-F3BCB302F32A}.Debug|Any CPU.Build.0 = Debug|Any CPU
		{E1FE4D39-1BA3-42E8-9CEF-F3BCB302F32A}.Release|Any CPU.ActiveCfg = Release|Any CPU
		{E1FE4D39-1BA3-42E8-9CEF-F3BCB302F32A}.Release|Any CPU.Build.0 = Release|Any CPU
		{09D29DB2-EE17-4366-BBA4-DC92F32A71BD}.Debug|Any CPU.ActiveCfg = Debug|Any CPU
		{09D29DB2-EE17-4366-BBA4-DC92F32A71BD}.Debug|Any CPU.Build.0 = Debug|Any CPU
		{09D29DB2-EE17-4366-BBA4-DC92F32A71BD}.Release|Any CPU.ActiveCfg = Release|Any CPU
		{09D29DB2-EE17-4366-BBA4-DC92F32A71BD}.Release|Any CPU.Build.0 = Release|Any CPU
		{A48C36F7-ADF8-4FC1-9201-B8D42956B029}.Debug|Any CPU.ActiveCfg = Debug|Any CPU
		{A48C36F7-ADF8-4FC1-9201-B8D42956B029}.Debug|Any CPU.Build.0 = Debug|Any CPU
		{A48C36F7-ADF8-4FC1-9201-B8D42956B029}.Release|Any CPU.ActiveCfg = Release|Any CPU
		{A48C36F7-ADF8-4FC1-9201-B8D42956B029}.Release|Any CPU.Build.0 = Release|Any CPU
	EndGlobalSection
	GlobalSection(SolutionProperties) = preSolution
		HideSolutionNode = FALSE
	EndGlobalSection
	GlobalSection(NestedProjects) = preSolution
		{9384608E-245C-4D3E-B519-0507DBF8E406} = {02EA681E-C7D8-13C7-8484-4AC65E1B71E8}
		{EACE4769-CCFC-4DA5-8995-99158BAE0122} = {02EA681E-C7D8-13C7-8484-4AC65E1B71E8}
	EndGlobalSection
	GlobalSection(ExtensibilityGlobals) = postSolution
		SolutionGuid = {17539C49-84D4-467D-AB47-65F2C828F87F}
	EndGlobalSection
EndGlobal
